Microsoft Visual Studio Solution File, Format Version 11.00
# Visual Studio 2008

Project("{9F98B80B-E1F2-38DA-8AB7-71C08843B57A}") = "PangGameProject", "Assembly-CSharp.csproj", "{ABD09C4C-40D5-F1F6-1F11-FDFB0B7567C1}"
EndProject
Global
	GlobalSection(SolutionConfigurationPlatforms) = preSolution
		Debug|Any CPU = Debug|Any CPU
		Release|Any CPU = Release|Any CPU
	EndGlobalSection
	GlobalSection(ProjectConfigurationPlatforms) = postSolution
		{ABD09C4C-40D5-F1F6-1F11-FDFB0B7567C1}.Debug|Any CPU.ActiveCfg = Debug|Any CPU
		{ABD09C4C-40D5-F1F6-1F11-FDFB0B7567C1}.Debug|Any CPU.Build.0 = Debug|Any CPU
		{ABD09C4C-40D5-F1F6-1F11-FDFB0B7567C1}.Release|Any CPU.ActiveCfg = Release|Any CPU
		{ABD09C4C-40D5-F1F6-1F11-FDFB0B7567C1}.Release|Any CPU.Build.0 = Release|Any CPU
	EndGlobalSection
	GlobalSection(SolutionProperties) = preSolution
		HideSolutionNode = FALSE
	EndGlobalSection
	GlobalSection(MonoDevelopProperties) = preSolution
		StartupItem = Assembly-CSharp.csproj
	EndGlobalSection
EndGlobal
